
Microsoft Visual Studio Solution File, Format Version 12.00
# Visual Studio Version 17
VisualStudioVersion = 17.7.34202.233
MinimumVisualStudioVersion = 10.0.40219.1
Project("{FAE04EC0-301F-11D3-BF4B-00C04F79EFBC}") = "keyboard_tester", "keyboard_tester\keyboard_tester.csproj", "{6C479117-AA63-4938-82EC-D9B3632CB4AF}"
EndProject
Global
	GlobalSection(SolutionConfigurationPlatforms) = preSolution
		Debug|Any CPU = Debug|Any CPU
		Release|Any CPU = Release|Any CPU
	EndGlobalSection
	GlobalSection(ProjectConfigurationPlatforms) = postSolution
		{6C479117-AA63-4938-82EC-D9B3632CB4AF}.Debug|Any CPU.ActiveCfg = Debug|Any CPU
		{6C479117-AA63-4938-82EC-D9B3632CB4AF}.Debug|Any CPU.Build.0 = Debug|Any CPU
		{6C479117-AA63-4938-82EC-D9B3632CB4AF}.Release|Any CPU.ActiveCfg = Release|Any CPU
		{6C479117-AA63-4938-82EC-D9B3632CB4AF}.Release|Any CPU.Build.0 = Release|Any CPU
	EndGlobalSection
	GlobalSection(SolutionProperties) = preSolution
		HideSolutionNode = FALSE
	EndGlobalSection
	GlobalSection(ExtensibilityGlobals) = postSolution
		SolutionGuid = {8DD17490-F98B-459F-BA1F-5AC3F7078FB4}
	EndGlobalSection
EndGlobal
